
Microsoft Visual Studio Solution File, Format Version 12.00
# Visual Studio 15
VisualStudioVersion = 15.0.27130.2036
MinimumVisualStudioVersion = 10.0.40219.1
Project("{FAE04EC0-301F-11D3-BF4B-00C04F79EFBC}") = "reversi", "Ex05\reversi.csproj", "{454BBFC6-52CC-4B07-AD93-415222FD82BD}"
EndProject
Global
	GlobalSection(SolutionConfigurationPlatforms) = preSolution
		Debug|Any CPU = Debug|Any CPU
		Release|Any CPU = Release|Any CPU
	EndGlobalSection
	GlobalSection(ProjectConfigurationPlatforms) = postSolution
		{454BBFC6-52CC-4B07-AD93-415222FD82BD}.Debug|Any CPU.ActiveCfg = Debug|Any CPU
		{454BBFC6-52CC-4B07-AD93-415222FD82BD}.Debug|Any CPU.Build.0 = Debug|Any CPU
		{454BBFC6-52CC-4B07-AD93-415222FD82BD}.Release|Any CPU.ActiveCfg = Release|Any CPU
		{454BBFC6-52CC-4B07-AD93-415222FD82BD}.Release|Any CPU.Build.0 = Release|Any CPU
	EndGlobalSection
	GlobalSection(SolutionProperties) = preSolution
		HideSolutionNode = FALSE
	EndGlobalSection
	GlobalSection(ExtensibilityGlobals) = postSolution
		SolutionGuid = {74A76F55-C411-4F8D-A65C-766A612DE95C}
	EndGlobalSection
EndGlobal
